// !$*UTF8*$!
{
	archiveVersion = 1;
	classes = {
	};
	objectVersion = 51;
	objects = {

/* Begin PBXBuildFile section */
		A12734362419F36C0055A45A /* AppDelegate.swift in Sources */ = {isa = PBXBuildFile; fileRef = A12734352419F36C0055A45A /* AppDelegate.swift */; };
		A127343A2419F36C0055A45A /* ViewController.swift in Sources */ = {isa = PBXBuildFile; fileRef = A12734392419F36C0055A45A /* ViewController.swift */; };
		A127343D2419F36C0055A45A /* Main.storyboard in Resources */ = {isa = PBXBuildFile; fileRef = A127343B2419F36C0055A45A /* Main.storyboard */; };
		A127343F2419F36D0055A45A /* Assets.xcassets in Resources */ = {isa = PBXBuildFile; fileRef = A127343E2419F36D0055A45A /* Assets.xcassets */; };
		A12734422419F36D0055A45A /* LaunchScreen.storyboard in Resources */ = {isa = PBXBuildFile; fileRef = A12734402419F36D0055A45A /* LaunchScreen.storyboard */; };
		A127344B2419F3860055A45A /* StoreKit.framework in Frameworks */ = {isa = PBXBuildFile; fileRef = A127344A2419F3860055A45A /* StoreKit.framework */; };
		A1273458241A1F070055A45A /* PaymentKit.swift in Sources */ = {isa = PBXBuildFile; fileRef = A1273457241A1F070055A45A /* PaymentKit.swift */; };
		A127345A241B24210055A45A /* PKProduct.swift in Sources */ = {isa = PBXBuildFile; fileRef = A1273459241B24210055A45A /* PKProduct.swift */; };
		A127345C241B272B0055A45A /* PKStorage.swift in Sources */ = {isa = PBXBuildFile; fileRef = A127345B241B272B0055A45A /* PKStorage.swift */; };
		B91870A319F1BA07AA0A5BF6 /* Pods_Mobizen.framework in Frameworks */ = {isa = PBXBuildFile; fileRef = 9A41A12E7CE2848E3E63CA75 /* Pods_Mobizen.framework */; };
/* End PBXBuildFile section */

/* Begin PBXFileReference section */
		160C3C7810084A4A06266357 /* Pods-Mobizen.release.xcconfig */ = {isa = PBXFileReference; includeInIndex = 1; lastKnownFileType = text.xcconfig; name = "Pods-Mobizen.release.xcconfig"; path = "Target Support Files/Pods-Mobizen/Pods-Mobizen.release.xcconfig"; sourceTree = "<group>"; };
		9A41A12E7CE2848E3E63CA75 /* Pods_Mobizen.framework */ = {isa = PBXFileReference; explicitFileType = wrapper.framework; includeInIndex = 0; path = Pods_Mobizen.framework; sourceTree = BUILT_PRODUCTS_DIR; };
		9C52351EEB6DE301C5591821 /* Pods-Mobizen.debug.xcconfig */ = {isa = PBXFileReference; includeInIndex = 1; lastKnownFileType = text.xcconfig; name = "Pods-Mobizen.debug.xcconfig"; path = "Target Support Files/Pods-Mobizen/Pods-Mobizen.debug.xcconfig"; sourceTree = "<group>"; };
		A12734322419F36C0055A45A /* Mobizen.app */ = {isa = PBXFileReference; explicitFileType = wrapper.application; includeInIndex = 0; path = Mobizen.app; sourceTree = BUILT_PRODUCTS_DIR; };
		A12734352419F36C0055A45A /* AppDelegate.swift */ = {isa = PBXFileReference; lastKnownFileType = sourcecode.swift; path = AppDelegate.swift; sourceTree = "<group>"; };
		A12734392419F36C0055A45A /* ViewController.swift */ = {isa = PBXFileReference; lastKnownFileType = sourcecode.swift; path = ViewController.swift; sourceTree = "<group>"; };
		A127343C2419F36C0055A45A /* Base */ = {isa = PBXFileReference; lastKnownFileType = file.storyboard; name = Base; path = Base.lproj/Main.storyboard; sourceTree = "<group>"; };
		A127343E2419F36D0055A45A /* Assets.xcassets */ = {isa = PBXFileReference; lastKnownFileType = folder.assetcatalog; path = Assets.xcassets; sourceTree = "<group>"; };
		A12734412419F36D0055A45A /* Base */ = {isa = PBXFileReference; lastKnownFileType = file.storyboard; name = Base; path = Base.lproj/LaunchScreen.storyboard; sourceTree = "<group>"; };
		A12734432419F36D0055A45A /* Info.plist */ = {isa = PBXFileReference; lastKnownFileType = text.plist.xml; path = Info.plist; sourceTree = "<group>"; };
		A127344A2419F3860055A45A /* StoreKit.framework */ = {isa = PBXFileReference; lastKnownFileType = wrapper.framework; name = StoreKit.framework; path = System/Library/Frameworks/StoreKit.framework; sourceTree = SDKROOT; };
		A1273457241A1F070055A45A /* PaymentKit.swift */ = {isa = PBXFileReference; lastKnownFileType = sourcecode.swift; path = PaymentKit.swift; sourceTree = "<group>"; };
		A1273459241B24210055A45A /* PKProduct.swift */ = {isa = PBXFileReference; lastKnownFileType = sourcecode.swift; path = PKProduct.swift; sourceTree = "<group>"; };
		A127345B241B272B0055A45A /* PKStorage.swift */ = {isa = PBXFileReference; lastKnownFileType = sourcecode.swift; path = PKStorage.swift; sourceTree = "<group>"; };
/* End PBXFileReference section */

/* Begin PBXFrameworksBuildPhase section */
		A127342F2419F36C0055A45A /* Frameworks */ = {
			isa = PBXFrameworksBuildPhase;
			buildActionMask = 2147483647;
			files = (
				A127344B2419F3860055A45A /* StoreKit.framework in Frameworks */,
				B91870A319F1BA07AA0A5BF6 /* Pods_Mobizen.framework in Frameworks */,
			);
			runOnlyForDeploymentPostprocessing = 0;
		};
/* End PBXFrameworksBuildPhase section */

/* Begin PBXGroup section */
		A12734292419F36C0055A45A = {
			isa = PBXGroup;
			children = (
				A12734342419F36C0055A45A /* Mobizen */,
				A12734332419F36C0055A45A /* Products */,
				A12734492419F3860055A45A /* Frameworks */,
				EA98CF9EA2024B06C4874D7F /* Pods */,
			);
			sourceTree = "<group>";
			wrapsLines = 1;
		};
		A12734332419F36C0055A45A /* Products */ = {
			isa = PBXGroup;
			children = (
				A12734322419F36C0055A45A /* Mobizen.app */,
			);
			name = Products;
			sourceTree = "<group>";
		};
		A12734342419F36C0055A45A /* Mobizen */ = {
			isa = PBXGroup;
			children = (
				A12734352419F36C0055A45A /* AppDelegate.swift */,
				A1273456241A1EEF0055A45A /* PaymentKit */,
				A1273453241A1BCF0055A45A /* View */,
				A127343E2419F36D0055A45A /* Assets.xcassets */,
				A12734432419F36D0055A45A /* Info.plist */,
			);
			path = Mobizen;
			sourceTree = "<group>";
		};
		A12734492419F3860055A45A /* Frameworks */ = {
			isa = PBXGroup;
			children = (
				A127344A2419F3860055A45A /* StoreKit.framework */,
				9A41A12E7CE2848E3E63CA75 /* Pods_Mobizen.framework */,
			);
			name = Frameworks;
			sourceTree = "<group>";
		};
		A1273453241A1BCF0055A45A /* View */ = {
			isa = PBXGroup;
			children = (
				A12734392419F36C0055A45A /* ViewController.swift */,
				A127343B2419F36C0055A45A /* Main.storyboard */,
				A12734402419F36D0055A45A /* LaunchScreen.storyboard */,
			);
			name = View;
			sourceTree = "<group>";
		};
		A1273456241A1EEF0055A45A /* PaymentKit */ = {
			isa = PBXGroup;
			children = (
				A1273457241A1F070055A45A /* PaymentKit.swift */,
				A1273459241B24210055A45A /* PKProduct.swift */,
				A127345B241B272B0055A45A /* PKStorage.swift */,
			);
			path = PaymentKit;
			sourceTree = "<group>";
		};
		EA98CF9EA2024B06C4874D7F /* Pods */ = {
			isa = PBXGroup;
			children = (
				9C52351EEB6DE301C5591821 /* Pods-Mobizen.debug.xcconfig */,
				160C3C7810084A4A06266357 /* Pods-Mobizen.release.xcconfig */,
			);
			path = Pods;
			sourceTree = "<group>";
		};
/* End PBXGroup section */

/* Begin PBXNativeTarget section */
		A12734312419F36C0055A45A /* Mobizen */ = {
			isa = PBXNativeTarget;
			buildConfigurationList = A12734462419F36D0055A45A /* Build configuration list for PBXNativeTarget "Mobizen" */;
			buildPhases = (
				64DF9BFC264E1A9FD28B7041 /* [CP] Check Pods Manifest.lock */,
				A127342E2419F36C0055A45A /* Sources */,
				A127342F2419F36C0055A45A /* Frameworks */,
				A12734302419F36C0055A45A /* Resources */,
				52AF8DE37500A631BF6249E1 /* [CP] Embed Pods Frameworks */,
			);
			buildRules = (
			);
			dependencies = (
			);
			name = Mobizen;
			productName = Mobizen;
			productReference = A12734322419F36C0055A45A /* Mobizen.app */;
			productType = "com.apple.product-type.application";
		};
/* End PBXNativeTarget section */

/* Begin PBXProject section */
		A127342A2419F36C0055A45A /* Project object */ = {
			isa = PBXProject;
			attributes = {
				LastSwiftUpdateCheck = 1130;
				LastUpgradeCheck = 1130;
				ORGANIZATIONNAME = ANDY;
				TargetAttributes = {
					A12734312419F36C0055A45A = {
						CreatedOnToolsVersion = 11.3.1;
					};
				};
			};
			buildConfigurationList = A127342D2419F36C0055A45A /* Build configuration list for PBXProject "Mobizen" */;
			compatibilityVersion = "Xcode 9.3";
			developmentRegion = en;
			hasScannedForEncodings = 0;
			knownRegions = (
				en,
				Base,
			);
			mainGroup = A12734292419F36C0055A45A;
			productRefGroup = A12734332419F36C0055A45A /* Products */;
			projectDirPath = "";
			projectRoot = "";
			targets = (
				A12734312419F36C0055A45A /* Mobizen */,
			);
		};
/* End PBXProject section */

/* Begin PBXResourcesBuildPhase section */
		A12734302419F36C0055A45A /* Resources */ = {
			isa = PBXResourcesBuildPhase;
			buildActionMask = 2147483647;
			files = (
				A12734422419F36D0055A45A /* LaunchScreen.storyboard in Resources */,
				A127343F2419F36D0055A45A /* Assets.xcassets in Resources */,
				A127343D2419F36C0055A45A /* Main.storyboard in Resources */,
			);
			runOnlyForDeploymentPostprocessing = 0;
		};
/* End PBXResourcesBuildPhase section */

/* Begin PBXShellScriptBuildPhase section */
		52AF8DE37500A631BF6249E1 /* [CP] Embed Pods Frameworks */ = {
			isa = PBXShellScriptBuildPhase;
			buildActionMask = 2147483647;
			files = (
			);
			inputFileListPaths = (
				"${PODS_ROOT}/Target Support Files/Pods-Mobizen/Pods-Mobizen-frameworks-${CONFIGURATION}-input-files.xcfilelist",
			);
			name = "[CP] Embed Pods Frameworks";
			outputFileListPaths = (
				"${PODS_ROOT}/Target Support Files/Pods-Mobizen/Pods-Mobizen-frameworks-${CONFIGURATION}-output-files.xcfilelist",
			);
			runOnlyForDeploymentPostprocessing = 0;
			shellPath = /bin/sh;
			shellScript = "\"${PODS_ROOT}/Target Support Files/Pods-Mobizen/Pods-Mobizen-frameworks.sh\"\n";
			showEnvVarsInLog = 0;
		};
		64DF9BFC264E1A9FD28B7041 /* [CP] Check Pods Manifest.lock */ = {
			isa = PBXShellScriptBuildPhase;
			buildActionMask = 2147483647;
			files = (
			);
			inputFileListPaths = (
			);
			inputPaths = (
				"${PODS_PODFILE_DIR_PATH}/Podfile.lock",
				"${PODS_ROOT}/Manifest.lock",
			);
			name = "[CP] Check Pods Manifest.lock";
			outputFileListPaths = (
			);
			outputPaths = (
				"$(DERIVED_FILE_DIR)/Pods-Mobizen-checkManifestLockResult.txt",
			);
			runOnlyForDeploymentPostprocessing = 0;
			shellPath = /bin/sh;
			shellScript = "diff \"${PODS_PODFILE_DIR_PATH}/Podfile.lock\" \"${PODS_ROOT}/Manifest.lock\" > /dev/null\nif [ $? != 0 ] ; then\n    # print error to STDERR\n    echo \"error: The sandbox is not in sync with the Podfile.lock. Run 'pod install' or update your CocoaPods installation.\" >&2\n    exit 1\nfi\n# This output is used by Xcode 'outputs' to avoid re-running this script phase.\necho \"SUCCESS\" > \"${SCRIPT_OUTPUT_FILE_0}\"\n";
			showEnvVarsInLog = 0;
		};
/* End PBXShellScriptBuildPhase section */

/* Begin PBXSourcesBuildPhase section */
		A127342E2419F36C0055A45A /* Sources */ = {
			isa = PBXSourcesBuildPhase;
			buildActionMask = 2147483647;
			files = (
				A1273458241A1F070055A45A /* PaymentKit.swift in Sources */,
				A127343A2419F36C0055A45A /* ViewController.swift in Sources */,
				A127345C241B272B0055A45A /* PKStorage.swift in Sources */,
				A12734362419F36C0055A45A /* AppDelegate.swift in Sources */,
				A127345A241B24210055A45A /* PKProduct.swift in Sources */,
			);
			runOnlyForDeploymentPostprocessing = 0;
		};
/* End PBXSourcesBuildPhase section */

/* Begin PBXVariantGroup section */
		A127343B2419F36C0055A45A /* Main.storyboard */ = {
			isa = PBXVariantGroup;
			children = (
				A127343C2419F36C0055A45A /* Base */,
			);
			name = Main.storyboard;
			sourceTree = "<group>";
		};
		A12734402419F36D0055A45A /* LaunchScreen.storyboard */ = {
			isa = PBXVariantGroup;
			children = (
				A12734412419F36D0055A45A /* Base */,
			);
			name = LaunchScreen.storyboard;
			sourceTree = "<group>";
		};
/* End PBXVariantGroup section */

/* Begin XCBuildConfiguration section */
		A12734442419F36D0055A45A /* Debug */ = {
			isa = XCBuildConfiguration;
			buildSettings = {
				ALWAYS_SEARCH_USER_PATHS = NO;
				CLANG_ANALYZER_NONNULL = YES;
				CLANG_ANALYZER_NUMBER_OBJECT_CONVERSION = YES_AGGRESSIVE;
				CLANG_CXX_LANGUAGE_STANDARD = "gnu++14";
				CLANG_CXX_LIBRARY = "libc++";
				CLANG_ENABLE_MODULES = YES;
				CLANG_ENABLE_OBJC_ARC = YES;
				CLANG_ENABLE_OBJC_WEAK = YES;
				CLANG_WARN_BLOCK_CAPTURE_AUTORELEASING = YES;
				CLANG_WARN_BOOL_CONVERSION = YES;
				CLANG_WARN_COMMA = YES;
				CLANG_WARN_CONSTANT_CONVERSION = YES;
				CLANG_WARN_DEPRECATED_OBJC_IMPLEMENTATIONS = YES;
				CLANG_WARN_DIRECT_OBJC_ISA_USAGE = YES_ERROR;
				CLANG_WARN_DOCUMENTATION_COMMENTS = YES;
				CLANG_WARN_EMPTY_BODY = YES;
				CLANG_WARN_ENUM_CONVERSION = YES;
				CLANG_WARN_INFINITE_RECURSION = YES;
				CLANG_WARN_INT_CONVERSION = YES;
				CLANG_WARN_NON_LITERAL_NULL_CONVERSION = YES;
				CLANG_WARN_OBJC_IMPLICIT_RETAIN_SELF = YES;
				CLANG_WARN_OBJC_LITERAL_CONVERSION = YES;
				CLANG_WARN_OBJC_ROOT_CLASS = YES_ERROR;
				CLANG_WARN_RANGE_LOOP_ANALYSIS = YES;
				CLANG_WARN_STRICT_PROTOTYPES = YES;
				CLANG_WARN_SUSPICIOUS_MOVE = YES;
				CLANG_WARN_UNGUARDED_AVAILABILITY = YES_AGGRESSIVE;
				CLANG_WARN_UNREACHABLE_CODE = YES;
				CLANG_WARN__DUPLICATE_METHOD_MATCH = YES;
				COPY_PHASE_STRIP = NO;
				DEBUG_INFORMATION_FORMAT = dwarf;
				ENABLE_STRICT_OBJC_MSGSEND = YES;
				ENABLE_TESTABILITY = YES;
				GCC_C_LANGUAGE_STANDARD = gnu11;
				GCC_DYNAMIC_NO_PIC = NO;
				GCC_NO_COMMON_BLOCKS = YES;
				GCC_OPTIMIZATION_LEVEL = 0;
				GCC_PREPROCESSOR_DEFINITIONS = (
					"DEBUG=1",
					"$(inherited)",
				);
				GCC_WARN_64_TO_32_BIT_CONVERSION = YES;
				GCC_WARN_ABOUT_RETURN_TYPE = YES_ERROR;
				GCC_WARN_UNDECLARED_SELECTOR = YES;
				GCC_WARN_UNINITIALIZED_AUTOS = YES_AGGRESSIVE;
				GCC_WARN_UNUSED_FUNCTION = YES;
				GCC_WARN_UNUSED_VARIABLE = YES;
				IPHONEOS_DEPLOYMENT_TARGET = 13.2;
				MTL_ENABLE_DEBUG_INFO = INCLUDE_SOURCE;
				MTL_FAST_MATH = YES;
				ONLY_ACTIVE_ARCH = YES;
				SDKROOT = iphoneos;
				SWIFT_ACTIVE_COMPILATION_CONDITIONS = DEBUG;
				SWIFT_OPTIMIZATION_LEVEL = "-Onone";
			};
			name = Debug;
		};
		A12734452419F36D0055A45A /* Release */ = {
			isa = XCBuildConfiguration;
			buildSettings = {
				ALWAYS_SEARCH_USER_PATHS = NO;
				CLANG_ANALYZER_NONNULL = YES;
				CLANG_ANALYZER_NUMBER_OBJECT_CONVERSION = YES_AGGRESSIVE;
				CLANG_CXX_LANGUAGE_STANDARD = "gnu++14";
				CLANG_CXX_LIBRARY = "libc++";
				CLANG_ENABLE_MODULES = YES;
				CLANG_ENABLE_OBJC_ARC = YES;
				CLANG_ENABLE_OBJC_WEAK = YES;
				CLANG_WARN_BLOCK_CAPTURE_AUTORELEASING = YES;
				CLANG_WARN_BOOL_CONVERSION = YES;
				CLANG_WARN_COMMA = YES;
				CLANG_WARN_CONSTANT_CONVERSION = YES;
				CLANG_WARN_DEPRECATED_OBJC_IMPLEMENTATIONS = YES;
				CLANG_WARN_DIRECT_OBJC_ISA_USAGE = YES_ERROR;
				CLANG_WARN_DOCUMENTATION_COMMENTS = YES;
				CLANG_WARN_EMPTY_BODY = YES;
				CLANG_WARN_ENUM_CONVERSION = YES;
				CLANG_WARN_INFINITE_RECURSION = YES;
				CLANG_WARN_INT_CONVERSION = YES;
				CLANG_WARN_NON_LITERAL_NULL_CONVERSION = YES;
				CLANG_WARN_OBJC_IMPLICIT_RETAIN_SELF = YES;
				CLANG_WARN_OBJC_LITERAL_CONVERSION = YES;
				CLANG_WARN_OBJC_ROOT_CLASS = YES_ERROR;
				CLANG_WARN_RANGE_LOOP_ANALYSIS = YES;
				CLANG_WARN_STRICT_PROTOTYPES = YES;
				CLANG_WARN_SUSPICIOUS_MOVE = YES;
				CLANG_WARN_UNGUARDED_AVAILABILITY = YES_AGGRESSIVE;
				CLANG_WARN_UNREACHABLE_CODE = YES;
				CLANG_WARN__DUPLICATE_METHOD_MATCH = YES;
				COPY_PHASE_STRIP = NO;
				DEBUG_INFORMATION_FORMAT = "dwarf-with-dsym";
				ENABLE_NS_ASSERTIONS = NO;
				ENABLE_STRICT_OBJC_MSGSEND = YES;
				GCC_C_LANGUAGE_STANDARD = gnu11;
				GCC_NO_COMMON_BLOCKS = YES;
				GCC_WARN_64_TO_32_BIT_CONVERSION = YES;
				GCC_WARN_ABOUT_RETURN_TYPE = YES_ERROR;
				GCC_WARN_UNDECLARED_SELECTOR = YES;
				GCC_WARN_UNINITIALIZED_AUTOS = YES_AGGRESSIVE;
				GCC_WARN_UNUSED_FUNCTION = YES;
				GCC_WARN_UNUSED_VARIABLE = YES;
				IPHONEOS_DEPLOYMENT_TARGET = 13.2;
				MTL_ENABLE_DEBUG_INFO = NO;
				MTL_FAST_MATH = YES;
				SDKROOT = iphoneos;
				SWIFT_COMPILATION_MODE = wholemodule;
				SWIFT_OPTIMIZATION_LEVEL = "-O";
				VALIDATE_PRODUCT = YES;
			};
			name = Release;
		};
		A12734472419F36D0055A45A /* Debug */ = {
			isa = XCBuildConfiguration;
			baseConfigurationReference = 9C52351EEB6DE301C5591821 /* Pods-Mobizen.debug.xcconfig */;
			buildSettings = {
				ASSETCATALOG_COMPILER_APPICON_NAME = AppIcon;
				CODE_SIGN_STYLE = Automatic;
				DEVELOPMENT_TEAM = 6PK4RASS3K;
				INFOPLIST_FILE = Mobizen/Info.plist;
				IPHONEOS_DEPLOYMENT_TARGET = 11.0;
				LD_RUNPATH_SEARCH_PATHS = (
					"$(inherited)",
					"@executable_path/Frameworks",
				);
				PRODUCT_BUNDLE_IDENTIFIER = kr.co.lecle.vn.mobizen;
				PRODUCT_NAME = "$(TARGET_NAME)";
				SWIFT_VERSION = 5.0;
				TARGETED_DEVICE_FAMILY = "1,2";
			};
			name = Debug;
		};
		A12734482419F36D0055A45A /* Release */ = {
			isa = XCBuildConfiguration;
			baseConfigurationReference = 160C3C7810084A4A06266357 /* Pods-Mobizen.release.xcconfig */;
			buildSettings = {
				ASSETCATALOG_COMPILER_APPICON_NAME = AppIcon;
				CODE_SIGN_STYLE = Automatic;
				DEVELOPMENT_TEAM = 6PK4RASS3K;
				INFOPLIST_FILE = Mobizen/Info.plist;
				IPHONEOS_DEPLOYMENT_TARGET = 11.0;
				LD_RUNPATH_SEARCH_PATHS = (
					"$(inherited)",
					"@executable_path/Frameworks",
				);
				PRODUCT_BUNDLE_IDENTIFIER = kr.co.lecle.vn.mobizen;
				PRODUCT_NAME = "$(TARGET_NAME)";
				SWIFT_VERSION = 5.0;
				TARGETED_DEVICE_FAMILY = "1,2";
			};
			name = Release;
		};
/* End XCBuildConfiguration section */

/* Begin XCConfigurationList section */
		A127342D2419F36C0055A45A /* Build configuration list for PBXProject "Mobizen" */ = {
			isa = XCConfigurationList;
			buildConfigurations = (
				A12734442419F36D0055A45A /* Debug */,
				A12734452419F36D0055A45A /* Release */,
			);
			defaultConfigurationIsVisible = 0;
			defaultConfigurationName = Release;
		};
		A12734462419F36D0055A45A /* Build configuration list for PBXNativeTarget "Mobizen" */ = {
			isa = XCConfigurationList;
			buildConfigurations = (
				A12734472419F36D0055A45A /* Debug */,
				A12734482419F36D0055A45A /* Release */,
			);
			defaultConfigurationIsVisible = 0;
			defaultConfigurationName = Release;
		};
/* End XCConfigurationList section */
	};
	rootObject = A127342A2419F36C0055A45A /* Project object */;
}
